
Microsoft Visual Studio Solution File, Format Version 12.00
# Visual Studio 14
VisualStudioVersion = 14.0.25420.1
MinimumVisualStudioVersion = 10.0.40219.1
Project("{8BC9CEB8-8B4A-11D0-8D11-00A0C91BC942}") = "Sum of digits", "Program 1\Program 1.vcxproj", "{3BD423C4-0CE8-4540-9327-8B620CA76B80}"
EndProject
Project("{8BC9CEB8-8B4A-11D0-8D11-00A0C91BC942}") = "Armstrong Number check", "Program 2\Program 2.vcxproj", "{E361A64F-DEF9-42FC-92DE-5D79E48B79FE}"
EndProject
Project("{8BC9CEB8-8B4A-11D0-8D11-00A0C91BC942}") = "Print Pyramid", "Program 3\Program 3.vcxproj", "{14B9AC4C-51A9-46A1-9260-003B2ECB16C1}"
EndProject
Project("{8BC9CEB8-8B4A-11D0-8D11-00A0C91BC942}") = "Char Count", "Char Count\Char Count.vcxproj", "{DA0E8C10-0481-478B-94A4-C150DE7D4783}"
EndProject
Project("{8BC9CEB8-8B4A-11D0-8D11-00A0C91BC942}") = "Invert Part Binary", "Invert Part Binary\Invert Part Binary.vcxproj", "{0279913D-458A-4F1A-98EF-05A27749C2A6}"
EndProject
Project("{8BC9CEB8-8B4A-11D0-8D11-00A0C91BC942}") = "Palindrome check", "Palindrome check\Palindrome check.vcxproj", "{298499C6-46BA-4123-A6B1-AAC3D344C6DC}"
EndProject
Project("{8BC9CEB8-8B4A-11D0-8D11-00A0C91BC942}") = "Integer ops", "Integer ops\Integer ops.vcxproj", "{24EB7C29-9AB7-4853-ABAD-C0036FC47603}"
EndProject
Project("{8BC9CEB8-8B4A-11D0-8D11-00A0C91BC942}") = "DecToBin", "DecToBin\DecToBin.vcxproj", "{6A6EC446-7299-4426-96FE-4FE7D36C9C77}"
EndProject
Project("{8BC9CEB8-8B4A-11D0-8D11-00A0C91BC942}") = "D2B2H", "D2B2H\D2B2H.vcxproj", "{812909FD-8252-45E1-949C-43CC3EB0740C}"
EndProject
Global
	GlobalSection(SolutionConfigurationPlatforms) = preSolution
		Debug|x64 = Debug|x64
		Debug|x86 = Debug|x86
		Release|x64 = Release|x64
		Release|x86 = Release|x86
	EndGlobalSection
	GlobalSection(ProjectConfigurationPlatforms) = postSolution
		{3BD423C4-0CE8-4540-9327-8B620CA76B80}.Debug|x64.ActiveCfg = Debug|x64
		{3BD423C4-0CE8-4540-9327-8B620CA76B80}.Debug|x64.Build.0 = Debug|x64
		{3BD423C4-0CE8-4540-9327-8B620CA76B80}.Debug|x86.ActiveCfg = Debug|Win32
		{3BD423C4-0CE8-4540-9327-8B620CA76B80}.Debug|x86.Build.0 = Debug|Win32
		{3BD423C4-0CE8-4540-9327-8B620CA76B80}.Release|x64.ActiveCfg = Release|x64
		{3BD423C4-0CE8-4540-9327-8B620CA76B80}.Release|x64.Build.0 = Release|x64
		{3BD423C4-0CE8-4540-9327-8B620CA76B80}.Release|x86.ActiveCfg = Release|Win32
		{3BD423C4-0CE8-4540-9327-8B620CA76B80}.Release|x86.Build.0 = Release|Win32
		{E361A64F-DEF9-42FC-92DE-5D79E48B79FE}.Debug|x64.ActiveCfg = Debug|x64
		{E361A64F-DEF9-42FC-92DE-5D79E48B79FE}.Debug|x64.Build.0 = Debug|x64
		{E361A64F-DEF9-42FC-92DE-5D79E48B79FE}.Debug|x86.ActiveCfg = Debug|Win32
		{E361A64F-DEF9-42FC-92DE-5D79E48B79FE}.Debug|x86.Build.0 = Debug|Win32
		{E361A64F-DEF9-42FC-92DE-5D79E48B79FE}.Release|x64.ActiveCfg = Release|x64
		{E361A64F-DEF9-42FC-92DE-5D79E48B79FE}.Release|x64.Build.0 = Release|x64
		{E361A64F-DEF9-42FC-92DE-5D79E48B79FE}.Release|x86.ActiveCfg = Release|Win32
		{E361A64F-DEF9-42FC-92DE-5D79E48B79FE}.Release|x86.Build.0 = Release|Win32
		{14B9AC4C-51A9-46A1-9260-003B2ECB16C1}.Debug|x64.ActiveCfg = Debug|x64
		{14B9AC4C-51A9-46A1-9260-003B2ECB16C1}.Debug|x64.Build.0 = Debug|x64
		{14B9AC4C-51A9-46A1-9260-003B2ECB16C1}.Debug|x86.ActiveCfg = Debug|Win32
		{14B9AC4C-51A9-46A1-9260-003B2ECB16C1}.Debug|x86.Build.0 = Debug|Win32
		{14B9AC4C-51A9-46A1-9260-003B2ECB16C1}.Release|x64.ActiveCfg = Release|x64
		{14B9AC4C-51A9-46A1-9260-003B2ECB16C1}.Release|x64.Build.0 = Release|x64
		{14B9AC4C-51A9-46A1-9260-003B2ECB16C1}.Release|x86.ActiveCfg = Release|Win32
		{14B9AC4C-51A9-46A1-9260-003B2ECB16C1}.Release|x86.Build.0 = Release|Win32
		{DA0E8C10-0481-478B-94A4-C150DE7D4783}.Debug|x64.ActiveCfg = Debug|x64
		{DA0E8C10-0481-478B-94A4-C150DE7D4783}.Debug|x64.Build.0 = Debug|x64
		{DA0E8C10-0481-478B-94A4-C150DE7D4783}.Debug|x86.ActiveCfg = Debug|Win32
		{DA0E8C10-0481-478B-94A4-C150DE7D4783}.Debug|x86.Build.0 = Debug|Win32
		{DA0E8C10-0481-478B-94A4-C150DE7D4783}.Release|x64.ActiveCfg = Release|x64
		{DA0E8C10-0481-478B-94A4-C150DE7D4783}.Release|x64.Build.0 = Release|x64
		{DA0E8C10-0481-478B-94A4-C150DE7D4783}.Release|x86.ActiveCfg = Release|Win32
		{DA0E8C10-0481-478B-94A4-C150DE7D4783}.Release|x86.Build.0 = Release|Win32
		{0279913D-458A-4F1A-98EF-05A27749C2A6}.Debug|x64.ActiveCfg = Debug|x64
		{0279913D-458A-4F1A-98EF-05A27749C2A6}.Debug|x64.Build.0 = Debug|x64
		{0279913D-458A-4F1A-98EF-05A27749C2A6}.Debug|x86.ActiveCfg = Debug|Win32
		{0279913D-458A-4F1A-98EF-05A27749C2A6}.Debug|x86.Build.0 = Debug|Win32
		{0279913D-458A-4F1A-98EF-05A27749C2A6}.Release|x64.ActiveCfg = Release|x64
		{0279913D-458A-4F1A-98EF-05A27749C2A6}.Release|x64.Build.0 = Release|x64
		{0279913D-458A-4F1A-98EF-05A27749C2A6}.Release|x86.ActiveCfg = Release|Win32
		{0279913D-458A-4F1A-98EF-05A27749C2A6}.Release|x86.Build.0 = Release|Win32
		{298499C6-46BA-4123-A6B1-AAC3D344C6DC}.Debug|x64.ActiveCfg = Debug|x64
		{298499C6-46BA-4123-A6B1-AAC3D344C6DC}.Debug|x64.Build.0 = Debug|x64
		{298499C6-46BA-4123-A6B1-AAC3D344C6DC}.Debug|x86.ActiveCfg = Debug|Win32
		{298499C6-46BA-4123-A6B1-AAC3D344C6DC}.Debug|x86.Build.0 = Debug|Win32
		{298499C6-46BA-4123-A6B1-AAC3D344C6DC}.Release|x64.ActiveCfg = Release|x64
		{298499C6-46BA-4123-A6B1-AAC3D344C6DC}.Release|x64.Build.0 = Release|x64
		{298499C6-46BA-4123-A6B1-AAC3D344C6DC}.Release|x86.ActiveCfg = Release|Win32
		{298499C6-46BA-4123-A6B1-AAC3D344C6DC}.Release|x86.Build.0 = Release|Win32
		{24EB7C29-9AB7-4853-ABAD-C0036FC47603}.Debug|x64.ActiveCfg = Debug|x64
		{24EB7C29-9AB7-4853-ABAD-C0036FC47603}.Debug|x64.Build.0 = Debug|x64
		{24EB7C29-9AB7-4853-ABAD-C0036FC47603}.Debug|x86.ActiveCfg = Debug|Win32
		{24EB7C29-9AB7-4853-ABAD-C0036FC47603}.Debug|x86.Build.0 = Debug|Win32
		{24EB7C29-9AB7-4853-ABAD-C0036FC47603}.Release|x64.ActiveCfg = Release|x64
		{24EB7C29-9AB7-4853-ABAD-C0036FC47603}.Release|x64.Build.0 = Release|x64
		{24EB7C29-9AB7-4853-ABAD-C0036FC47603}.Release|x86.ActiveCfg = Release|Win32
		{24EB7C29-9AB7-4853-ABAD-C0036FC47603}.Release|x86.Build.0 = Release|Win32
		{6A6EC446-7299-4426-96FE-4FE7D36C9C77}.Debug|x64.ActiveCfg = Debug|x64
		{6A6EC446-7299-4426-96FE-4FE7D36C9C77}.Debug|x64.Build.0 = Debug|x64
		{6A6EC446-7299-4426-96FE-4FE7D36C9C77}.Debug|x86.ActiveCfg = Debug|Win32
		{6A6EC446-7299-4426-96FE-4FE7D36C9C77}.Debug|x86.Build.0 = Debug|Win32
		{6A6EC446-7299-4426-96FE-4FE7D36C9C77}.Release|x64.ActiveCfg = Release|x64
		{6A6EC446-7299-4426-96FE-4FE7D36C9C77}.Release|x64.Build.0 = Release|x64
		{6A6EC446-7299-4426-96FE-4FE7D36C9C77}.Release|x86.ActiveCfg = Release|Win32
		{6A6EC446-7299-4426-96FE-4FE7D36C9C77}.Release|x86.Build.0 = Release|Win32
		{812909FD-8252-45E1-949C-43CC3EB0740C}.Debug|x64.ActiveCfg = Debug|x64
		{812909FD-8252-45E1-949C-43CC3EB0740C}.Debug|x64.Build.0 = Debug|x64
		{812909FD-8252-45E1-949C-43CC3EB0740C}.Debug|x86.ActiveCfg = Debug|Win32
		{812909FD-8252-45E1-949C-43CC3EB0740C}.Debug|x86.Build.0 = Debug|Win32
		{812909FD-8252-45E1-949C-43CC3EB0740C}.Release|x64.ActiveCfg = Release|x64
		{812909FD-8252-45E1-949C-43CC3EB0740C}.Release|x64.Build.0 = Release|x64
		{812909FD-8252-45E1-949C-43CC3EB0740C}.Release|x86.ActiveCfg = Release|Win32
		{812909FD-8252-45E1-949C-43CC3EB0740C}.Release|x86.Build.0 = Release|Win32
	EndGlobalSection
	GlobalSection(SolutionProperties) = preSolution
		HideSolutionNode = FALSE
	EndGlobalSection
EndGlobal
