
Microsoft Visual Studio Solution File, Format Version 12.00
# Visual Studio 14
VisualStudioVersion = 14.0.25420.1
MinimumVisualStudioVersion = 10.0.40219.1
Project("{8BC9CEB8-8B4A-11D0-8D11-00A0C91BC942}") = "pgm-1", "pgm-1\pgm-1.vcxproj", "{089C4B3F-C927-4E0B-8191-E0F226105BF5}"
EndProject
Project("{8BC9CEB8-8B4A-11D0-8D11-00A0C91BC942}") = "pgm-2", "pgm-2\pgm-2.vcxproj", "{D32E60BD-3C39-46E2-BB37-5D6FD5F148D3}"
EndProject
Project("{8BC9CEB8-8B4A-11D0-8D11-00A0C91BC942}") = "pgm-3", "pgm-3\pgm-3.vcxproj", "{14AAF39A-F2F0-4D36-AA2F-C00DE6C1DAD1}"
EndProject
Project("{8BC9CEB8-8B4A-11D0-8D11-00A0C91BC942}") = "Pgm-4", "Pgm-4\Pgm-4.vcxproj", "{00178551-D6D7-4309-8A4F-ACBF1FF2B28D}"
EndProject
Project("{8BC9CEB8-8B4A-11D0-8D11-00A0C91BC942}") = "pgm-5", "pgm-5\pgm-5.vcxproj", "{614A25F7-2717-46BC-A84A-B77FD734A825}"
EndProject
Project("{8BC9CEB8-8B4A-11D0-8D11-00A0C91BC942}") = "pgm-6", "pgm-6\pgm-6.vcxproj", "{8E99819D-7C70-4383-B786-2C570185CFAA}"
EndProject
Project("{8BC9CEB8-8B4A-11D0-8D11-00A0C91BC942}") = "pgm 7", "pgm 7\pgm 7.vcxproj", "{E69919F9-5CE6-4B00-A767-0CD6E5449FCE}"
EndProject
Project("{8BC9CEB8-8B4A-11D0-8D11-00A0C91BC942}") = "pgm-8", "pgm-8\pgm-8.vcxproj", "{89673783-1401-4B11-B4C6-A5724F27056A}"
EndProject
Project("{8BC9CEB8-8B4A-11D0-8D11-00A0C91BC942}") = "pgm-9", "pgm-9\pgm-9.vcxproj", "{06157797-9C02-4006-9EC6-545AC55468F1}"
EndProject
Global
	GlobalSection(SolutionConfigurationPlatforms) = preSolution
		Debug|x64 = Debug|x64
		Debug|x86 = Debug|x86
		Release|x64 = Release|x64
		Release|x86 = Release|x86
	EndGlobalSection
	GlobalSection(ProjectConfigurationPlatforms) = postSolution
		{089C4B3F-C927-4E0B-8191-E0F226105BF5}.Debug|x64.ActiveCfg = Debug|x64
		{089C4B3F-C927-4E0B-8191-E0F226105BF5}.Debug|x64.Build.0 = Debug|x64
		{089C4B3F-C927-4E0B-8191-E0F226105BF5}.Debug|x86.ActiveCfg = Debug|Win32
		{089C4B3F-C927-4E0B-8191-E0F226105BF5}.Debug|x86.Build.0 = Debug|Win32
		{089C4B3F-C927-4E0B-8191-E0F226105BF5}.Release|x64.ActiveCfg = Release|x64
		{089C4B3F-C927-4E0B-8191-E0F226105BF5}.Release|x64.Build.0 = Release|x64
		{089C4B3F-C927-4E0B-8191-E0F226105BF5}.Release|x86.ActiveCfg = Release|Win32
		{089C4B3F-C927-4E0B-8191-E0F226105BF5}.Release|x86.Build.0 = Release|Win32
		{D32E60BD-3C39-46E2-BB37-5D6FD5F148D3}.Debug|x64.ActiveCfg = Debug|x64
		{D32E60BD-3C39-46E2-BB37-5D6FD5F148D3}.Debug|x64.Build.0 = Debug|x64
		{D32E60BD-3C39-46E2-BB37-5D6FD5F148D3}.Debug|x86.ActiveCfg = Debug|Win32
		{D32E60BD-3C39-46E2-BB37-5D6FD5F148D3}.Debug|x86.Build.0 = Debug|Win32
		{D32E60BD-3C39-46E2-BB37-5D6FD5F148D3}.Release|x64.ActiveCfg = Release|x64
		{D32E60BD-3C39-46E2-BB37-5D6FD5F148D3}.Release|x64.Build.0 = Release|x64
		{D32E60BD-3C39-46E2-BB37-5D6FD5F148D3}.Release|x86.ActiveCfg = Release|Win32
		{D32E60BD-3C39-46E2-BB37-5D6FD5F148D3}.Release|x86.Build.0 = Release|Win32
		{14AAF39A-F2F0-4D36-AA2F-C00DE6C1DAD1}.Debug|x64.ActiveCfg = Debug|x64
		{14AAF39A-F2F0-4D36-AA2F-C00DE6C1DAD1}.Debug|x64.Build.0 = Debug|x64
		{14AAF39A-F2F0-4D36-AA2F-C00DE6C1DAD1}.Debug|x86.ActiveCfg = Debug|Win32
		{14AAF39A-F2F0-4D36-AA2F-C00DE6C1DAD1}.Debug|x86.Build.0 = Debug|Win32
		{14AAF39A-F2F0-4D36-AA2F-C00DE6C1DAD1}.Release|x64.ActiveCfg = Release|x64
		{14AAF39A-F2F0-4D36-AA2F-C00DE6C1DAD1}.Release|x64.Build.0 = Release|x64
		{14AAF39A-F2F0-4D36-AA2F-C00DE6C1DAD1}.Release|x86.ActiveCfg = Release|Win32
		{14AAF39A-F2F0-4D36-AA2F-C00DE6C1DAD1}.Release|x86.Build.0 = Release|Win32
		{00178551-D6D7-4309-8A4F-ACBF1FF2B28D}.Debug|x64.ActiveCfg = Debug|x64
		{00178551-D6D7-4309-8A4F-ACBF1FF2B28D}.Debug|x64.Build.0 = Debug|x64
		{00178551-D6D7-4309-8A4F-ACBF1FF2B28D}.Debug|x86.ActiveCfg = Debug|Win32
		{00178551-D6D7-4309-8A4F-ACBF1FF2B28D}.Debug|x86.Build.0 = Debug|Win32
		{00178551-D6D7-4309-8A4F-ACBF1FF2B28D}.Release|x64.ActiveCfg = Release|x64
		{00178551-D6D7-4309-8A4F-ACBF1FF2B28D}.Release|x64.Build.0 = Release|x64
		{00178551-D6D7-4309-8A4F-ACBF1FF2B28D}.Release|x86.ActiveCfg = Release|Win32
		{00178551-D6D7-4309-8A4F-ACBF1FF2B28D}.Release|x86.Build.0 = Release|Win32
		{614A25F7-2717-46BC-A84A-B77FD734A825}.Debug|x64.ActiveCfg = Debug|x64
		{614A25F7-2717-46BC-A84A-B77FD734A825}.Debug|x64.Build.0 = Debug|x64
		{614A25F7-2717-46BC-A84A-B77FD734A825}.Debug|x86.ActiveCfg = Debug|Win32
		{614A25F7-2717-46BC-A84A-B77FD734A825}.Debug|x86.Build.0 = Debug|Win32
		{614A25F7-2717-46BC-A84A-B77FD734A825}.Release|x64.ActiveCfg = Release|x64
		{614A25F7-2717-46BC-A84A-B77FD734A825}.Release|x64.Build.0 = Release|x64
		{614A25F7-2717-46BC-A84A-B77FD734A825}.Release|x86.ActiveCfg = Release|Win32
		{614A25F7-2717-46BC-A84A-B77FD734A825}.Release|x86.Build.0 = Release|Win32
		{8E99819D-7C70-4383-B786-2C570185CFAA}.Debug|x64.ActiveCfg = Debug|x64
		{8E99819D-7C70-4383-B786-2C570185CFAA}.Debug|x64.Build.0 = Debug|x64
		{8E99819D-7C70-4383-B786-2C570185CFAA}.Debug|x86.ActiveCfg = Debug|Win32
		{8E99819D-7C70-4383-B786-2C570185CFAA}.Debug|x86.Build.0 = Debug|Win32
		{8E99819D-7C70-4383-B786-2C570185CFAA}.Release|x64.ActiveCfg = Release|x64
		{8E99819D-7C70-4383-B786-2C570185CFAA}.Release|x64.Build.0 = Release|x64
		{8E99819D-7C70-4383-B786-2C570185CFAA}.Release|x86.ActiveCfg = Release|Win32
		{8E99819D-7C70-4383-B786-2C570185CFAA}.Release|x86.Build.0 = Release|Win32
		{E69919F9-5CE6-4B00-A767-0CD6E5449FCE}.Debug|x64.ActiveCfg = Debug|x64
		{E69919F9-5CE6-4B00-A767-0CD6E5449FCE}.Debug|x64.Build.0 = Debug|x64
		{E69919F9-5CE6-4B00-A767-0CD6E5449FCE}.Debug|x86.ActiveCfg = Debug|Win32
		{E69919F9-5CE6-4B00-A767-0CD6E5449FCE}.Debug|x86.Build.0 = Debug|Win32
		{E69919F9-5CE6-4B00-A767-0CD6E5449FCE}.Release|x64.ActiveCfg = Release|x64
		{E69919F9-5CE6-4B00-A767-0CD6E5449FCE}.Release|x64.Build.0 = Release|x64
		{E69919F9-5CE6-4B00-A767-0CD6E5449FCE}.Release|x86.ActiveCfg = Release|Win32
		{E69919F9-5CE6-4B00-A767-0CD6E5449FCE}.Release|x86.Build.0 = Release|Win32
		{89673783-1401-4B11-B4C6-A5724F27056A}.Debug|x64.ActiveCfg = Debug|x64
		{89673783-1401-4B11-B4C6-A5724F27056A}.Debug|x64.Build.0 = Debug|x64
		{89673783-1401-4B11-B4C6-A5724F27056A}.Debug|x86.ActiveCfg = Debug|Win32
		{89673783-1401-4B11-B4C6-A5724F27056A}.Debug|x86.Build.0 = Debug|Win32
		{89673783-1401-4B11-B4C6-A5724F27056A}.Release|x64.ActiveCfg = Release|x64
		{89673783-1401-4B11-B4C6-A5724F27056A}.Release|x64.Build.0 = Release|x64
		{89673783-1401-4B11-B4C6-A5724F27056A}.Release|x86.ActiveCfg = Release|Win32
		{89673783-1401-4B11-B4C6-A5724F27056A}.Release|x86.Build.0 = Release|Win32
		{06157797-9C02-4006-9EC6-545AC55468F1}.Debug|x64.ActiveCfg = Debug|x64
		{06157797-9C02-4006-9EC6-545AC55468F1}.Debug|x64.Build.0 = Debug|x64
		{06157797-9C02-4006-9EC6-545AC55468F1}.Debug|x86.ActiveCfg = Debug|Win32
		{06157797-9C02-4006-9EC6-545AC55468F1}.Debug|x86.Build.0 = Debug|Win32
		{06157797-9C02-4006-9EC6-545AC55468F1}.Release|x64.ActiveCfg = Release|x64
		{06157797-9C02-4006-9EC6-545AC55468F1}.Release|x64.Build.0 = Release|x64
		{06157797-9C02-4006-9EC6-545AC55468F1}.Release|x86.ActiveCfg = Release|Win32
		{06157797-9C02-4006-9EC6-545AC55468F1}.Release|x86.Build.0 = Release|Win32
	EndGlobalSection
	GlobalSection(SolutionProperties) = preSolution
		HideSolutionNode = FALSE
	EndGlobalSection
EndGlobal
